// !$*UTF8*$!
{
	archiveVersion = 1;
	classes = {
	};
	objectVersion = 52;
	objects = {

/* Begin PBXBuildFile section */
		C9BA2E642587CA26004DAEEE /* NavigationKitDemoApp.swift in Sources */ = {isa = PBXBuildFile; fileRef = C9BA2E632587CA26004DAEEE /* NavigationKitDemoApp.swift */; };
		C9BA2E662587CA26004DAEEE /* RootView.swift in Sources */ = {isa = PBXBuildFile; fileRef = C9BA2E652587CA26004DAEEE /* RootView.swift */; };
		C9BA2E682587CA29004DAEEE /* Assets.xcassets in Resources */ = {isa = PBXBuildFile; fileRef = C9BA2E672587CA29004DAEEE /* Assets.xcassets */; };
		C9BA2E6B2587CA29004DAEEE /* Preview Assets.xcassets in Resources */ = {isa = PBXBuildFile; fileRef = C9BA2E6A2587CA29004DAEEE /* Preview Assets.xcassets */; };
		C9BA2E752587CA4F004DAEEE /* NavigationKit in Frameworks */ = {isa = PBXBuildFile; productRef = C9BA2E742587CA4F004DAEEE /* NavigationKit */; };
		C9BA2E7D2587CB24004DAEEE /* SecondView.swift in Sources */ = {isa = PBXBuildFile; fileRef = C9BA2E7C2587CB24004DAEEE /* SecondView.swift */; };
		C9BA2E802587CBC4004DAEEE /* ThirdView.swift in Sources */ = {isa = PBXBuildFile; fileRef = C9BA2E7F2587CBC4004DAEEE /* ThirdView.swift */; };
		C9BA2E842587CDC0004DAEEE /* FourthView.swift in Sources */ = {isa = PBXBuildFile; fileRef = C9BA2E832587CDC0004DAEEE /* FourthView.swift */; };
/* End PBXBuildFile section */

/* Begin PBXFileReference section */
		C9BA2E602587CA26004DAEEE /* NavigationKitDemo.app */ = {isa = PBXFileReference; explicitFileType = wrapper.application; includeInIndex = 0; path = NavigationKitDemo.app; sourceTree = BUILT_PRODUCTS_DIR; };
		C9BA2E632587CA26004DAEEE /* NavigationKitDemoApp.swift */ = {isa = PBXFileReference; lastKnownFileType = sourcecode.swift; path = NavigationKitDemoApp.swift; sourceTree = "<group>"; };
		C9BA2E652587CA26004DAEEE /* RootView.swift */ = {isa = PBXFileReference; lastKnownFileType = sourcecode.swift; path = RootView.swift; sourceTree = "<group>"; };
		C9BA2E672587CA29004DAEEE /* Assets.xcassets */ = {isa = PBXFileReference; lastKnownFileType = folder.assetcatalog; path = Assets.xcassets; sourceTree = "<group>"; };
		C9BA2E6A2587CA29004DAEEE /* Preview Assets.xcassets */ = {isa = PBXFileReference; lastKnownFileType = folder.assetcatalog; path = "Preview Assets.xcassets"; sourceTree = "<group>"; };
		C9BA2E6C2587CA29004DAEEE /* Info.plist */ = {isa = PBXFileReference; lastKnownFileType = text.plist.xml; path = Info.plist; sourceTree = "<group>"; };
		C9BA2E7C2587CB24004DAEEE /* SecondView.swift */ = {isa = PBXFileReference; lastKnownFileType = sourcecode.swift; path = SecondView.swift; sourceTree = "<group>"; };
		C9BA2E7F2587CBC4004DAEEE /* ThirdView.swift */ = {isa = PBXFileReference; lastKnownFileType = sourcecode.swift; path = ThirdView.swift; sourceTree = "<group>"; };
		C9BA2E832587CDC0004DAEEE /* FourthView.swift */ = {isa = PBXFileReference; lastKnownFileType = sourcecode.swift; path = FourthView.swift; sourceTree = "<group>"; };
/* End PBXFileReference section */

/* Begin PBXFrameworksBuildPhase section */
		C9BA2E5D2587CA26004DAEEE /* Frameworks */ = {
			isa = PBXFrameworksBuildPhase;
			buildActionMask = 2147483647;
			files = (
				C9BA2E752587CA4F004DAEEE /* NavigationKit in Frameworks */,
			);
			runOnlyForDeploymentPostprocessing = 0;
		};
/* End PBXFrameworksBuildPhase section */

/* Begin PBXGroup section */
		C9BA2E572587CA26004DAEEE = {
			isa = PBXGroup;
			children = (
				C9BA2E622587CA26004DAEEE /* NavigationKitDemo */,
				C9BA2E612587CA26004DAEEE /* Products */,
			);
			sourceTree = "<group>";
		};
		C9BA2E612587CA26004DAEEE /* Products */ = {
			isa = PBXGroup;
			children = (
				C9BA2E602587CA26004DAEEE /* NavigationKitDemo.app */,
			);
			name = Products;
			sourceTree = "<group>";
		};
		C9BA2E622587CA26004DAEEE /* NavigationKitDemo */ = {
			isa = PBXGroup;
			children = (
				C9BA2E632587CA26004DAEEE /* NavigationKitDemoApp.swift */,
				C9BA2E652587CA26004DAEEE /* RootView.swift */,
				C9BA2E7C2587CB24004DAEEE /* SecondView.swift */,
				C9BA2E7F2587CBC4004DAEEE /* ThirdView.swift */,
				C9BA2E832587CDC0004DAEEE /* FourthView.swift */,
				C9BA2E672587CA29004DAEEE /* Assets.xcassets */,
				C9BA2E6C2587CA29004DAEEE /* Info.plist */,
				C9BA2E692587CA29004DAEEE /* Preview Content */,
			);
			path = NavigationKitDemo;
			sourceTree = "<group>";
		};
		C9BA2E692587CA29004DAEEE /* Preview Content */ = {
			isa = PBXGroup;
			children = (
				C9BA2E6A2587CA29004DAEEE /* Preview Assets.xcassets */,
			);
			path = "Preview Content";
			sourceTree = "<group>";
		};
/* End PBXGroup section */

/* Begin PBXNativeTarget section */
		C9BA2E5F2587CA26004DAEEE /* NavigationKitDemo */ = {
			isa = PBXNativeTarget;
			buildConfigurationList = C9BA2E6F2587CA29004DAEEE /* Build configuration list for PBXNativeTarget "NavigationKitDemo" */;
			buildPhases = (
				C9BA2E5C2587CA26004DAEEE /* Sources */,
				C9BA2E5D2587CA26004DAEEE /* Frameworks */,
				C9BA2E5E2587CA26004DAEEE /* Resources */,
			);
			buildRules = (
			);
			dependencies = (
			);
			name = NavigationKitDemo;
			packageProductDependencies = (
				C9BA2E742587CA4F004DAEEE /* NavigationKit */,
			);
			productName = NavigationKitDemo;
			productReference = C9BA2E602587CA26004DAEEE /* NavigationKitDemo.app */;
			productType = "com.apple.product-type.application";
		};
/* End PBXNativeTarget section */

/* Begin PBXProject section */
		C9BA2E582587CA26004DAEEE /* Project object */ = {
			isa = PBXProject;
			attributes = {
				LastSwiftUpdateCheck = 1220;
				LastUpgradeCheck = 1220;
				TargetAttributes = {
					C9BA2E5F2587CA26004DAEEE = {
						CreatedOnToolsVersion = 12.2;
					};
				};
			};
			buildConfigurationList = C9BA2E5B2587CA26004DAEEE /* Build configuration list for PBXProject "NavigationKitDemo" */;
			compatibilityVersion = "Xcode 9.3";
			developmentRegion = en;
			hasScannedForEncodings = 0;
			knownRegions = (
				en,
				Base,
			);
			mainGroup = C9BA2E572587CA26004DAEEE;
			packageReferences = (
				C9BA2E732587CA4F004DAEEE /* XCRemoteSwiftPackageReference "NavigationKit" */,
			);
			productRefGroup = C9BA2E612587CA26004DAEEE /* Products */;
			projectDirPath = "";
			projectRoot = "";
			targets = (
				C9BA2E5F2587CA26004DAEEE /* NavigationKitDemo */,
			);
		};
/* End PBXProject section */

/* Begin PBXResourcesBuildPhase section */
		C9BA2E5E2587CA26004DAEEE /* Resources */ = {
			isa = PBXResourcesBuildPhase;
			buildActionMask = 2147483647;
			files = (
				C9BA2E6B2587CA29004DAEEE /* Preview Assets.xcassets in Resources */,
				C9BA2E682587CA29004DAEEE /* Assets.xcassets in Resources */,
			);
			runOnlyForDeploymentPostprocessing = 0;
		};
/* End PBXResourcesBuildPhase section */

/* Begin PBXSourcesBuildPhase section */
		C9BA2E5C2587CA26004DAEEE /* Sources */ = {
			isa = PBXSourcesBuildPhase;
			buildActionMask = 2147483647;
			files = (
				C9BA2E802587CBC4004DAEEE /* ThirdView.swift in Sources */,
				C9BA2E7D2587CB24004DAEEE /* SecondView.swift in Sources */,
				C9BA2E662587CA26004DAEEE /* RootView.swift in Sources */,
				C9BA2E642587CA26004DAEEE /* NavigationKitDemoApp.swift in Sources */,
				C9BA2E842587CDC0004DAEEE /* FourthView.swift in Sources */,
			);
			runOnlyForDeploymentPostprocessing = 0;
		};
/* End PBXSourcesBuildPhase section */

/* Begin XCBuildConfiguration section */
		C9BA2E6D2587CA29004DAEEE /* Debug */ = {
			isa = XCBuildConfiguration;
			buildSettings = {
				ALWAYS_SEARCH_USER_PATHS = NO;
				CLANG_ANALYZER_NONNULL = YES;
				CLANG_ANALYZER_NUMBER_OBJECT_CONVERSION = YES_AGGRESSIVE;
				CLANG_CXX_LANGUAGE_STANDARD = "gnu++14";
				CLANG_CXX_LIBRARY = "libc++";
				CLANG_ENABLE_MODULES = YES;
				CLANG_ENABLE_OBJC_ARC = YES;
				CLANG_ENABLE_OBJC_WEAK = YES;
				CLANG_WARN_BLOCK_CAPTURE_AUTORELEASING = YES;
				CLANG_WARN_BOOL_CONVERSION = YES;
				CLANG_WARN_COMMA = YES;
				CLANG_WARN_CONSTANT_CONVERSION = YES;
				CLANG_WARN_DEPRECATED_OBJC_IMPLEMENTATIONS = YES;
				CLANG_WARN_DIRECT_OBJC_ISA_USAGE = YES_ERROR;
				CLANG_WARN_DOCUMENTATION_COMMENTS = YES;
				CLANG_WARN_EMPTY_BODY = YES;
				CLANG_WARN_ENUM_CONVERSION = YES;
				CLANG_WARN_INFINITE_RECURSION = YES;
				CLANG_WARN_INT_CONVERSION = YES;
				CLANG_WARN_NON_LITERAL_NULL_CONVERSION = YES;
				CLANG_WARN_OBJC_IMPLICIT_RETAIN_SELF = YES;
				CLANG_WARN_OBJC_LITERAL_CONVERSION = YES;
				CLANG_WARN_OBJC_ROOT_CLASS = YES_ERROR;
				CLANG_WARN_QUOTED_INCLUDE_IN_FRAMEWORK_HEADER = YES;
				CLANG_WARN_RANGE_LOOP_ANALYSIS = YES;
				CLANG_WARN_STRICT_PROTOTYPES = YES;
				CLANG_WARN_SUSPICIOUS_MOVE = YES;
				CLANG_WARN_UNGUARDED_AVAILABILITY = YES_AGGRESSIVE;
				CLANG_WARN_UNREACHABLE_CODE = YES;
				CLANG_WARN__DUPLICATE_METHOD_MATCH = YES;
				COPY_PHASE_STRIP = NO;
				DEBUG_INFORMATION_FORMAT = dwarf;
				ENABLE_STRICT_OBJC_MSGSEND = YES;
				ENABLE_TESTABILITY = YES;
				GCC_C_LANGUAGE_STANDARD = gnu11;
				GCC_DYNAMIC_NO_PIC = NO;
				GCC_NO_COMMON_BLOCKS = YES;
				GCC_OPTIMIZATION_LEVEL = 0;
				GCC_PREPROCESSOR_DEFINITIONS = (
					"DEBUG=1",
					"$(inherited)",
				);
				GCC_WARN_64_TO_32_BIT_CONVERSION = YES;
				GCC_WARN_ABOUT_RETURN_TYPE = YES_ERROR;
				GCC_WARN_UNDECLARED_SELECTOR = YES;
				GCC_WARN_UNINITIALIZED_AUTOS = YES_AGGRESSIVE;
				GCC_WARN_UNUSED_FUNCTION = YES;
				GCC_WARN_UNUSED_VARIABLE = YES;
				IPHONEOS_DEPLOYMENT_TARGET = 14.2;
				MTL_ENABLE_DEBUG_INFO = INCLUDE_SOURCE;
				MTL_FAST_MATH = YES;
				ONLY_ACTIVE_ARCH = YES;
				SDKROOT = iphoneos;
				SWIFT_ACTIVE_COMPILATION_CONDITIONS = DEBUG;
				SWIFT_OPTIMIZATION_LEVEL = "-Onone";
			};
			name = Debug;
		};
		C9BA2E6E2587CA29004DAEEE /* Release */ = {
			isa = XCBuildConfiguration;
			buildSettings = {
				ALWAYS_SEARCH_USER_PATHS = NO;
				CLANG_ANALYZER_NONNULL = YES;
				CLANG_ANALYZER_NUMBER_OBJECT_CONVERSION = YES_AGGRESSIVE;
				CLANG_CXX_LANGUAGE_STANDARD = "gnu++14";
				CLANG_CXX_LIBRARY = "libc++";
				CLANG_ENABLE_MODULES = YES;
				CLANG_ENABLE_OBJC_ARC = YES;
				CLANG_ENABLE_OBJC_WEAK = YES;
				CLANG_WARN_BLOCK_CAPTURE_AUTORELEASING = YES;
				CLANG_WARN_BOOL_CONVERSION = YES;
				CLANG_WARN_COMMA = YES;
				CLANG_WARN_CONSTANT_CONVERSION = YES;
				CLANG_WARN_DEPRECATED_OBJC_IMPLEMENTATIONS = YES;
				CLANG_WARN_DIRECT_OBJC_ISA_USAGE = YES_ERROR;
				CLANG_WARN_DOCUMENTATION_COMMENTS = YES;
				CLANG_WARN_EMPTY_BODY = YES;
				CLANG_WARN_ENUM_CONVERSION = YES;
				CLANG_WARN_INFINITE_RECURSION = YES;
				CLANG_WARN_INT_CONVERSION = YES;
				CLANG_WARN_NON_LITERAL_NULL_CONVERSION = YES;
				CLANG_WARN_OBJC_IMPLICIT_RETAIN_SELF = YES;
				CLANG_WARN_OBJC_LITERAL_CONVERSION = YES;
				CLANG_WARN_OBJC_ROOT_CLASS = YES_ERROR;
				CLANG_WARN_QUOTED_INCLUDE_IN_FRAMEWORK_HEADER = YES;
				CLANG_WARN_RANGE_LOOP_ANALYSIS = YES;
				CLANG_WARN_STRICT_PROTOTYPES = YES;
				CLANG_WARN_SUSPICIOUS_MOVE = YES;
				CLANG_WARN_UNGUARDED_AVAILABILITY = YES_AGGRESSIVE;
				CLANG_WARN_UNREACHABLE_CODE = YES;
				CLANG_WARN__DUPLICATE_METHOD_MATCH = YES;
				COPY_PHASE_STRIP = NO;
				DEBUG_INFORMATION_FORMAT = "dwarf-with-dsym";
				ENABLE_NS_ASSERTIONS = NO;
				ENABLE_STRICT_OBJC_MSGSEND = YES;
				GCC_C_LANGUAGE_STANDARD = gnu11;
				GCC_NO_COMMON_BLOCKS = YES;
				GCC_WARN_64_TO_32_BIT_CONVERSION = YES;
				GCC_WARN_ABOUT_RETURN_TYPE = YES_ERROR;
				GCC_WARN_UNDECLARED_SELECTOR = YES;
				GCC_WARN_UNINITIALIZED_AUTOS = YES_AGGRESSIVE;
				GCC_WARN_UNUSED_FUNCTION = YES;
				GCC_WARN_UNUSED_VARIABLE = YES;
				IPHONEOS_DEPLOYMENT_TARGET = 14.2;
				MTL_ENABLE_DEBUG_INFO = NO;
				MTL_FAST_MATH = YES;
				SDKROOT = iphoneos;
				SWIFT_COMPILATION_MODE = wholemodule;
				SWIFT_OPTIMIZATION_LEVEL = "-O";
				VALIDATE_PRODUCT = YES;
			};
			name = Release;
		};
		C9BA2E702587CA29004DAEEE /* Debug */ = {
			isa = XCBuildConfiguration;
			buildSettings = {
				ASSETCATALOG_COMPILER_APPICON_NAME = AppIcon;
				ASSETCATALOG_COMPILER_GLOBAL_ACCENT_COLOR_NAME = AccentColor;
				CODE_SIGN_STYLE = Automatic;
				DEVELOPMENT_ASSET_PATHS = "\"NavigationKitDemo/Preview Content\"";
				DEVELOPMENT_TEAM = R252PR8AVU;
				ENABLE_PREVIEWS = YES;
				INFOPLIST_FILE = NavigationKitDemo/Info.plist;
				IPHONEOS_DEPLOYMENT_TARGET = 14.0;
				LD_RUNPATH_SEARCH_PATHS = (
					"$(inherited)",
					"@executable_path/Frameworks",
				);
				PRODUCT_BUNDLE_IDENTIFIER = com.rebeloper.NavigationKitDemo;
				PRODUCT_NAME = "$(TARGET_NAME)";
				SWIFT_VERSION = 5.0;
				TARGETED_DEVICE_FAMILY = "1,2";
			};
			name = Debug;
		};
		C9BA2E712587CA29004DAEEE /* Release */ = {
			isa = XCBuildConfiguration;
			buildSettings = {
				ASSETCATALOG_COMPILER_APPICON_NAME = AppIcon;
				ASSETCATALOG_COMPILER_GLOBAL_ACCENT_COLOR_NAME = AccentColor;
				CODE_SIGN_STYLE = Automatic;
				DEVELOPMENT_ASSET_PATHS = "\"NavigationKitDemo/Preview Content\"";
				DEVELOPMENT_TEAM = R252PR8AVU;
				ENABLE_PREVIEWS = YES;
				INFOPLIST_FILE = NavigationKitDemo/Info.plist;
				IPHONEOS_DEPLOYMENT_TARGET = 14.0;
				LD_RUNPATH_SEARCH_PATHS = (
					"$(inherited)",
					"@executable_path/Frameworks",
				);
				PRODUCT_BUNDLE_IDENTIFIER = com.rebeloper.NavigationKitDemo;
				PRODUCT_NAME = "$(TARGET_NAME)";
				SWIFT_VERSION = 5.0;
				TARGETED_DEVICE_FAMILY = "1,2";
			};
			name = Release;
		};
/* End XCBuildConfiguration section */

/* Begin XCConfigurationList section */
		C9BA2E5B2587CA26004DAEEE /* Build configuration list for PBXProject "NavigationKitDemo" */ = {
			isa = XCConfigurationList;
			buildConfigurations = (
				C9BA2E6D2587CA29004DAEEE /* Debug */,
				C9BA2E6E2587CA29004DAEEE /* Release */,
			);
			defaultConfigurationIsVisible = 0;
			defaultConfigurationName = Release;
		};
		C9BA2E6F2587CA29004DAEEE /* Build configuration list for PBXNativeTarget "NavigationKitDemo" */ = {
			isa = XCConfigurationList;
			buildConfigurations = (
				C9BA2E702587CA29004DAEEE /* Debug */,
				C9BA2E712587CA29004DAEEE /* Release */,
			);
			defaultConfigurationIsVisible = 0;
			defaultConfigurationName = Release;
		};
/* End XCConfigurationList section */

/* Begin XCRemoteSwiftPackageReference section */
		C9BA2E732587CA4F004DAEEE /* XCRemoteSwiftPackageReference "NavigationKit" */ = {
			isa = XCRemoteSwiftPackageReference;
			repositoryURL = "https://github.com/rebeloper/NavigationKit.git";
			requirement = {
				kind = upToNextMajorVersion;
				minimumVersion = 0.0.3;
			};
		};
/* End XCRemoteSwiftPackageReference section */

/* Begin XCSwiftPackageProductDependency section */
		C9BA2E742587CA4F004DAEEE /* NavigationKit */ = {
			isa = XCSwiftPackageProductDependency;
			package = C9BA2E732587CA4F004DAEEE /* XCRemoteSwiftPackageReference "NavigationKit" */;
			productName = NavigationKit;
		};
/* End XCSwiftPackageProductDependency section */
	};
	rootObject = C9BA2E582587CA26004DAEEE /* Project object */;
}
